
Microsoft Visual Studio Solution File, Format Version 12.00
# Visual Studio Version 16
VisualStudioVersion = 16.0.29102.190
MinimumVisualStudioVersion = 10.0.40219.1
Project("{9A19103F-16F7-4668-BE54-9A1E7A4F7556}") = "WebStoreAPI", "WebStoreAPI\WebStoreAPI.csproj", "{B7DF89DE-A604-41D5-AAF7-D0B21751F8D1}"
EndProject
Project("{9A19103F-16F7-4668-BE54-9A1E7A4F7556}") = "WebStore", "WebStore\WebStore.csproj", "{BD76A0EE-A2A1-4691-8D5B-04448BC7F86C}"
EndProject
Global
	GlobalSection(SolutionConfigurationPlatforms) = preSolution
		Debug|Any CPU = Debug|Any CPU
		Release|Any CPU = Release|Any CPU
	EndGlobalSection
	GlobalSection(ProjectConfigurationPlatforms) = postSolution
		{B7DF89DE-A604-41D5-AAF7-D0B21751F8D1}.Debug|Any CPU.ActiveCfg = Debug|Any CPU
		{B7DF89DE-A604-41D5-AAF7-D0B21751F8D1}.Debug|Any CPU.Build.0 = Debug|Any CPU
		{B7DF89DE-A604-41D5-AAF7-D0B21751F8D1}.Release|Any CPU.ActiveCfg = Release|Any CPU
		{B7DF89DE-A604-41D5-AAF7-D0B21751F8D1}.Release|Any CPU.Build.0 = Release|Any CPU
		{BD76A0EE-A2A1-4691-8D5B-04448BC7F86C}.Debug|Any CPU.ActiveCfg = Debug|Any CPU
		{BD76A0EE-A2A1-4691-8D5B-04448BC7F86C}.Debug|Any CPU.Build.0 = Debug|Any CPU
		{BD76A0EE-A2A1-4691-8D5B-04448BC7F86C}.Release|Any CPU.ActiveCfg = Release|Any CPU
		{BD76A0EE-A2A1-4691-8D5B-04448BC7F86C}.Release|Any CPU.Build.0 = Release|Any CPU
	EndGlobalSection
	GlobalSection(SolutionProperties) = preSolution
		HideSolutionNode = FALSE
	EndGlobalSection
	GlobalSection(ExtensibilityGlobals) = postSolution
		SolutionGuid = {9DFB2F9B-2CFE-459B-A47B-86B487C8C2C8}
	EndGlobalSection
EndGlobal
